{
    "name": "@supercat1337/tree-tool",
    "version": "1.0.1",
    "lockfileVersion": 3,
    "requires": true,
    "packages": {
        "": {
            "name": "@supercat1337/tree-tool",
            "version": "1.0.1",
            "license": "MIT",
            "bin": {
                "tree-tool": "tree.js"
            }
        }
    }
}
